
Microsoft Visual Studio Solution File, Format Version 12.00
# Visual Studio Version 17
VisualStudioVersion = 17.0.31903.59
MinimumVisualStudioVersion = 10.0.40219.1
Project("{9A19103F-16F7-4668-BE54-9A1E7A4F7556}") = "RaifProjects", "RaifProjects\RaifProjects.csproj", "{D054DF65-2B65-464B-BC5A-0CAA816DC5CC}"
EndProject
Project("{FAE04EC0-301F-11D3-BF4B-00C04F79EFBC}") = "SpecFlowProject", "SpecFlowProject\SpecFlowProject.csproj", "{0B677CD4-2986-417B-97C2-DF0679B9B0C6}"
EndProject
Global
	GlobalSection(SolutionConfigurationPlatforms) = preSolution
		Debug|Any CPU = Debug|Any CPU
		Release|Any CPU = Release|Any CPU
	EndGlobalSection
	GlobalSection(ProjectConfigurationPlatforms) = postSolution
		{D054DF65-2B65-464B-BC5A-0CAA816DC5CC}.Debug|Any CPU.ActiveCfg = Debug|Any CPU
		{D054DF65-2B65-464B-BC5A-0CAA816DC5CC}.Debug|Any CPU.Build.0 = Debug|Any CPU
		{D054DF65-2B65-464B-BC5A-0CAA816DC5CC}.Release|Any CPU.ActiveCfg = Release|Any CPU
		{D054DF65-2B65-464B-BC5A-0CAA816DC5CC}.Release|Any CPU.Build.0 = Release|Any CPU
		{0B677CD4-2986-417B-97C2-DF0679B9B0C6}.Debug|Any CPU.ActiveCfg = Debug|Any CPU
		{0B677CD4-2986-417B-97C2-DF0679B9B0C6}.Debug|Any CPU.Build.0 = Debug|Any CPU
		{0B677CD4-2986-417B-97C2-DF0679B9B0C6}.Release|Any CPU.ActiveCfg = Release|Any CPU
		{0B677CD4-2986-417B-97C2-DF0679B9B0C6}.Release|Any CPU.Build.0 = Release|Any CPU
	EndGlobalSection
	GlobalSection(SolutionProperties) = preSolution
		HideSolutionNode = FALSE
	EndGlobalSection
	GlobalSection(ExtensibilityGlobals) = postSolution
		SolutionGuid = {56D4B553-6C28-48D9-BAD5-AE9FEE5850F0}
	EndGlobalSection
EndGlobal
